
Microsoft Visual Studio Solution File, Format Version 12.00
# Visual Studio Version 17
VisualStudioVersion = 17.5.002.0
MinimumVisualStudioVersion = 10.0.40219.1
Project("{2150E333-8FDC-42A3-9474-1A3956D46DE8}") = "perf", "perf", "{78F639A0-D018-4BA3-B6C7-D2F481BABE6C}"
EndProject
Project("{9A19103F-16F7-4668-BE54-9A1E7A4F7556}") = "Benchmark", "perf\Benchmark\Benchmark.csproj", "{46A87BE3-8AEF-477D-81BA-8EC8159BF1E5}"
EndProject
Project("{2150E333-8FDC-42A3-9474-1A3956D46DE8}") = "src", "src", "{3426A5E4-B8C1-4546-AE1A-C814BBFE6627}"
EndProject
Project("{9A19103F-16F7-4668-BE54-9A1E7A4F7556}") = "Aoxe.Compressor.Abstractions", "src\Aoxe.Compressor.Abstractions\Aoxe.Compressor.Abstractions.csproj", "{DDF91431-F009-41E0-8C45-7433E7DF0BBD}"
EndProject
Project("{2150E333-8FDC-42A3-9474-1A3956D46DE8}") = "tests", "tests", "{4AC3B9FA-E258-44CC-9213-CF7F9065C482}"
EndProject
Project("{9A19103F-16F7-4668-BE54-9A1E7A4F7556}") = "Aoxe.BrotliNET.UnitTest", "tests\Aoxe.BrotliNET.UnitTest\Aoxe.BrotliNET.UnitTest.csproj", "{937B600A-4163-4A52-A4D5-7D82A03E4BAB}"
EndProject
Project("{9A19103F-16F7-4668-BE54-9A1E7A4F7556}") = "Aoxe.Compressor.Abstractions.UnitTest", "tests\Aoxe.Compressor.Abstractions.UnitTest\Aoxe.Compressor.Abstractions.UnitTest.csproj", "{3FB330CE-9747-4131-9587-A219D065B659}"
EndProject
Project("{9A19103F-16F7-4668-BE54-9A1E7A4F7556}") = "Aoxe.Compressor.UnitTest", "tests\Aoxe.Compressor.UnitTest\Aoxe.Compressor.UnitTest.csproj", "{28B39073-F15B-466A-901F-E1970C735799}"
EndProject
Project("{9A19103F-16F7-4668-BE54-9A1E7A4F7556}") = "Aoxe.LZ4.UnitTest", "tests\Aoxe.LZ4.UnitTest\Aoxe.LZ4.UnitTest.csproj", "{474338B1-0B4E-40E7-BAD4-AC76A721718D}"
EndProject
Project("{9A19103F-16F7-4668-BE54-9A1E7A4F7556}") = "Aoxe.LZMA.UnitTest", "tests\Aoxe.LZMA.UnitTest\Aoxe.LZMA.UnitTest.csproj", "{853B4783-C09F-4597-ACCF-DD4D7B1B715C}"
EndProject
Project("{9A19103F-16F7-4668-BE54-9A1E7A4F7556}") = "Aoxe.SharpZipLib.UnitTest", "tests\Aoxe.SharpZipLib.UnitTest\Aoxe.SharpZipLib.UnitTest.csproj", "{059B61C8-009C-4A98-96C9-470C56F0503D}"
EndProject
Project("{9A19103F-16F7-4668-BE54-9A1E7A4F7556}") = "Aoxe.Snappy.UnitTest", "tests\Aoxe.Snappy.UnitTest\Aoxe.Snappy.UnitTest.csproj", "{A868CDF7-B2A3-4983-8224-7B9353638E7F}"
EndProject
Project("{9A19103F-16F7-4668-BE54-9A1E7A4F7556}") = "Aoxe.SystemIoCompression.UnitTest", "tests\Aoxe.SystemIoCompression.UnitTest\Aoxe.SystemIoCompression.UnitTest.csproj", "{2EA70282-2022-45B0-8F41-9099FC77E42A}"
EndProject
Project("{9A19103F-16F7-4668-BE54-9A1E7A4F7556}") = "Aoxe.XZ.UnitTest", "tests\Aoxe.XZ.UnitTest\Aoxe.XZ.UnitTest.csproj", "{C9F4B3A4-B8D7-4BEC-B901-5AB76487A136}"
EndProject
Project("{9A19103F-16F7-4668-BE54-9A1E7A4F7556}") = "Aoxe.Zstd.UnitTest", "tests\Aoxe.Zstd.UnitTest\Aoxe.Zstd.UnitTest.csproj", "{4E318438-DE5E-4AE4-A737-8A7DEEB0B276}"
EndProject
Project("{9A19103F-16F7-4668-BE54-9A1E7A4F7556}") = "TestModel", "tests\TestModel\TestModel.csproj", "{9D80264B-DC99-4B78-9AA2-952867C176A9}"
EndProject
Project("{2150E333-8FDC-42A3-9474-1A3956D46DE8}") = "Aoxe.Compressors", "Aoxe.Compressors", "{ED66254E-E1AD-4868-B8F9-EE28F637A262}"
EndProject
Project("{9A19103F-16F7-4668-BE54-9A1E7A4F7556}") = "Aoxe.Brotli", "src\Aoxe.Compressors\Aoxe.Brotli\Aoxe.Brotli.csproj", "{F697F6F0-8F77-4C7E-A951-FD9A2B8C8F58}"
EndProject
Project("{9A19103F-16F7-4668-BE54-9A1E7A4F7556}") = "Aoxe.LZ4", "src\Aoxe.Compressors\Aoxe.LZ4\Aoxe.LZ4.csproj", "{F1964832-98F6-43B9-B302-E4AE33CD5632}"
EndProject
Project("{9A19103F-16F7-4668-BE54-9A1E7A4F7556}") = "Aoxe.LZMA", "src\Aoxe.Compressors\Aoxe.LZMA\Aoxe.LZMA.csproj", "{98259771-299C-478C-AA9E-3DB551AE723E}"
EndProject
Project("{9A19103F-16F7-4668-BE54-9A1E7A4F7556}") = "Aoxe.SharpZipLib", "src\Aoxe.Compressors\Aoxe.SharpZipLib\Aoxe.SharpZipLib.csproj", "{BFF4E050-856C-41BA-9C57-8AC548235D60}"
EndProject
Project("{9A19103F-16F7-4668-BE54-9A1E7A4F7556}") = "Aoxe.Snappy", "src\Aoxe.Compressors\Aoxe.Snappy\Aoxe.Snappy.csproj", "{7B25ADE3-609C-499C-B7A0-BF091A61474E}"
EndProject
Project("{9A19103F-16F7-4668-BE54-9A1E7A4F7556}") = "Aoxe.SystemIoCompression", "src\Aoxe.Compressors\Aoxe.SystemIoCompression\Aoxe.SystemIoCompression.csproj", "{FCA78DA5-416C-4A6B-814C-315B80506FD3}"
EndProject
Project("{9A19103F-16F7-4668-BE54-9A1E7A4F7556}") = "Aoxe.XZ", "src\Aoxe.Compressors\Aoxe.XZ\Aoxe.XZ.csproj", "{78952993-3473-4C5A-A296-2A66AF8E0D82}"
EndProject
Project("{9A19103F-16F7-4668-BE54-9A1E7A4F7556}") = "Aoxe.Zstd", "src\Aoxe.Compressors\Aoxe.Zstd\Aoxe.Zstd.csproj", "{F4100CC9-BD2F-4DC0-97B7-BA706FC444E1}"
EndProject
Global
	GlobalSection(SolutionConfigurationPlatforms) = preSolution
		Debug|Any CPU = Debug|Any CPU
		Release|Any CPU = Release|Any CPU
	EndGlobalSection
	GlobalSection(ProjectConfigurationPlatforms) = postSolution
		{46A87BE3-8AEF-477D-81BA-8EC8159BF1E5}.Debug|Any CPU.ActiveCfg = Debug|Any CPU
		{46A87BE3-8AEF-477D-81BA-8EC8159BF1E5}.Debug|Any CPU.Build.0 = Debug|Any CPU
		{46A87BE3-8AEF-477D-81BA-8EC8159BF1E5}.Release|Any CPU.ActiveCfg = Release|Any CPU
		{46A87BE3-8AEF-477D-81BA-8EC8159BF1E5}.Release|Any CPU.Build.0 = Release|Any CPU
		{DDF91431-F009-41E0-8C45-7433E7DF0BBD}.Debug|Any CPU.ActiveCfg = Debug|Any CPU
		{DDF91431-F009-41E0-8C45-7433E7DF0BBD}.Debug|Any CPU.Build.0 = Debug|Any CPU
		{DDF91431-F009-41E0-8C45-7433E7DF0BBD}.Release|Any CPU.ActiveCfg = Release|Any CPU
		{DDF91431-F009-41E0-8C45-7433E7DF0BBD}.Release|Any CPU.Build.0 = Release|Any CPU
		{937B600A-4163-4A52-A4D5-7D82A03E4BAB}.Debug|Any CPU.ActiveCfg = Debug|Any CPU
		{937B600A-4163-4A52-A4D5-7D82A03E4BAB}.Debug|Any CPU.Build.0 = Debug|Any CPU
		{937B600A-4163-4A52-A4D5-7D82A03E4BAB}.Release|Any CPU.ActiveCfg = Release|Any CPU
		{937B600A-4163-4A52-A4D5-7D82A03E4BAB}.Release|Any CPU.Build.0 = Release|Any CPU
		{3FB330CE-9747-4131-9587-A219D065B659}.Debug|Any CPU.ActiveCfg = Debug|Any CPU
		{3FB330CE-9747-4131-9587-A219D065B659}.Debug|Any CPU.Build.0 = Debug|Any CPU
		{3FB330CE-9747-4131-9587-A219D065B659}.Release|Any CPU.ActiveCfg = Release|Any CPU
		{3FB330CE-9747-4131-9587-A219D065B659}.Release|Any CPU.Build.0 = Release|Any CPU
		{28B39073-F15B-466A-901F-E1970C735799}.Debug|Any CPU.ActiveCfg = Debug|Any CPU
		{28B39073-F15B-466A-901F-E1970C735799}.Debug|Any CPU.Build.0 = Debug|Any CPU
		{28B39073-F15B-466A-901F-E1970C735799}.Release|Any CPU.ActiveCfg = Release|Any CPU
		{28B39073-F15B-466A-901F-E1970C735799}.Release|Any CPU.Build.0 = Release|Any CPU
		{474338B1-0B4E-40E7-BAD4-AC76A721718D}.Debug|Any CPU.ActiveCfg = Debug|Any CPU
		{474338B1-0B4E-40E7-BAD4-AC76A721718D}.Debug|Any CPU.Build.0 = Debug|Any CPU
		{474338B1-0B4E-40E7-BAD4-AC76A721718D}.Release|Any CPU.ActiveCfg = Release|Any CPU
		{474338B1-0B4E-40E7-BAD4-AC76A721718D}.Release|Any CPU.Build.0 = Release|Any CPU
		{853B4783-C09F-4597-ACCF-DD4D7B1B715C}.Debug|Any CPU.ActiveCfg = Debug|Any CPU
		{853B4783-C09F-4597-ACCF-DD4D7B1B715C}.Debug|Any CPU.Build.0 = Debug|Any CPU
		{853B4783-C09F-4597-ACCF-DD4D7B1B715C}.Release|Any CPU.ActiveCfg = Release|Any CPU
		{853B4783-C09F-4597-ACCF-DD4D7B1B715C}.Release|Any CPU.Build.0 = Release|Any CPU
		{059B61C8-009C-4A98-96C9-470C56F0503D}.Debug|Any CPU.ActiveCfg = Debug|Any CPU
		{059B61C8-009C-4A98-96C9-470C56F0503D}.Debug|Any CPU.Build.0 = Debug|Any CPU
		{059B61C8-009C-4A98-96C9-470C56F0503D}.Release|Any CPU.ActiveCfg = Release|Any CPU
		{059B61C8-009C-4A98-96C9-470C56F0503D}.Release|Any CPU.Build.0 = Release|Any CPU
		{A868CDF7-B2A3-4983-8224-7B9353638E7F}.Debug|Any CPU.ActiveCfg = Debug|Any CPU
		{A868CDF7-B2A3-4983-8224-7B9353638E7F}.Debug|Any CPU.Build.0 = Debug|Any CPU
		{A868CDF7-B2A3-4983-8224-7B9353638E7F}.Release|Any CPU.ActiveCfg = Release|Any CPU
		{A868CDF7-B2A3-4983-8224-7B9353638E7F}.Release|Any CPU.Build.0 = Release|Any CPU
		{2EA70282-2022-45B0-8F41-9099FC77E42A}.Debug|Any CPU.ActiveCfg = Debug|Any CPU
		{2EA70282-2022-45B0-8F41-9099FC77E42A}.Debug|Any CPU.Build.0 = Debug|Any CPU
		{2EA70282-2022-45B0-8F41-9099FC77E42A}.Release|Any CPU.ActiveCfg = Release|Any CPU
		{2EA70282-2022-45B0-8F41-9099FC77E42A}.Release|Any CPU.Build.0 = Release|Any CPU
		{C9F4B3A4-B8D7-4BEC-B901-5AB76487A136}.Debug|Any CPU.ActiveCfg = Debug|Any CPU
		{C9F4B3A4-B8D7-4BEC-B901-5AB76487A136}.Debug|Any CPU.Build.0 = Debug|Any CPU
		{C9F4B3A4-B8D7-4BEC-B901-5AB76487A136}.Release|Any CPU.ActiveCfg = Release|Any CPU
		{C9F4B3A4-B8D7-4BEC-B901-5AB76487A136}.Release|Any CPU.Build.0 = Release|Any CPU
		{4E318438-DE5E-4AE4-A737-8A7DEEB0B276}.Debug|Any CPU.ActiveCfg = Debug|Any CPU
		{4E318438-DE5E-4AE4-A737-8A7DEEB0B276}.Debug|Any CPU.Build.0 = Debug|Any CPU
		{4E318438-DE5E-4AE4-A737-8A7DEEB0B276}.Release|Any CPU.ActiveCfg = Release|Any CPU
		{4E318438-DE5E-4AE4-A737-8A7DEEB0B276}.Release|Any CPU.Build.0 = Release|Any CPU
		{9D80264B-DC99-4B78-9AA2-952867C176A9}.Debug|Any CPU.ActiveCfg = Debug|Any CPU
		{9D80264B-DC99-4B78-9AA2-952867C176A9}.Debug|Any CPU.Build.0 = Debug|Any CPU
		{9D80264B-DC99-4B78-9AA2-952867C176A9}.Release|Any CPU.ActiveCfg = Release|Any CPU
		{9D80264B-DC99-4B78-9AA2-952867C176A9}.Release|Any CPU.Build.0 = Release|Any CPU
		{F697F6F0-8F77-4C7E-A951-FD9A2B8C8F58}.Debug|Any CPU.ActiveCfg = Debug|Any CPU
		{F697F6F0-8F77-4C7E-A951-FD9A2B8C8F58}.Debug|Any CPU.Build.0 = Debug|Any CPU
		{F697F6F0-8F77-4C7E-A951-FD9A2B8C8F58}.Release|Any CPU.ActiveCfg = Release|Any CPU
		{F697F6F0-8F77-4C7E-A951-FD9A2B8C8F58}.Release|Any CPU.Build.0 = Release|Any CPU
		{F1964832-98F6-43B9-B302-E4AE33CD5632}.Debug|Any CPU.ActiveCfg = Debug|Any CPU
		{F1964832-98F6-43B9-B302-E4AE33CD5632}.Debug|Any CPU.Build.0 = Debug|Any CPU
		{F1964832-98F6-43B9-B302-E4AE33CD5632}.Release|Any CPU.ActiveCfg = Release|Any CPU
		{F1964832-98F6-43B9-B302-E4AE33CD5632}.Release|Any CPU.Build.0 = Release|Any CPU
		{98259771-299C-478C-AA9E-3DB551AE723E}.Debug|Any CPU.ActiveCfg = Debug|Any CPU
		{98259771-299C-478C-AA9E-3DB551AE723E}.Debug|Any CPU.Build.0 = Debug|Any CPU
		{98259771-299C-478C-AA9E-3DB551AE723E}.Release|Any CPU.ActiveCfg = Release|Any CPU
		{98259771-299C-478C-AA9E-3DB551AE723E}.Release|Any CPU.Build.0 = Release|Any CPU
		{BFF4E050-856C-41BA-9C57-8AC548235D60}.Debug|Any CPU.ActiveCfg = Debug|Any CPU
		{BFF4E050-856C-41BA-9C57-8AC548235D60}.Debug|Any CPU.Build.0 = Debug|Any CPU
		{BFF4E050-856C-41BA-9C57-8AC548235D60}.Release|Any CPU.ActiveCfg = Release|Any CPU
		{BFF4E050-856C-41BA-9C57-8AC548235D60}.Release|Any CPU.Build.0 = Release|Any CPU
		{7B25ADE3-609C-499C-B7A0-BF091A61474E}.Debug|Any CPU.ActiveCfg = Debug|Any CPU
		{7B25ADE3-609C-499C-B7A0-BF091A61474E}.Debug|Any CPU.Build.0 = Debug|Any CPU
		{7B25ADE3-609C-499C-B7A0-BF091A61474E}.Release|Any CPU.ActiveCfg = Release|Any CPU
		{7B25ADE3-609C-499C-B7A0-BF091A61474E}.Release|Any CPU.Build.0 = Release|Any CPU
		{FCA78DA5-416C-4A6B-814C-315B80506FD3}.Debug|Any CPU.ActiveCfg = Debug|Any CPU
		{FCA78DA5-416C-4A6B-814C-315B80506FD3}.Debug|Any CPU.Build.0 = Debug|Any CPU
		{FCA78DA5-416C-4A6B-814C-315B80506FD3}.Release|Any CPU.ActiveCfg = Release|Any CPU
		{FCA78DA5-416C-4A6B-814C-315B80506FD3}.Release|Any CPU.Build.0 = Release|Any CPU
		{78952993-3473-4C5A-A296-2A66AF8E0D82}.Debug|Any CPU.ActiveCfg = Debug|Any CPU
		{78952993-3473-4C5A-A296-2A66AF8E0D82}.Debug|Any CPU.Build.0 = Debug|Any CPU
		{78952993-3473-4C5A-A296-2A66AF8E0D82}.Release|Any CPU.ActiveCfg = Release|Any CPU
		{78952993-3473-4C5A-A296-2A66AF8E0D82}.Release|Any CPU.Build.0 = Release|Any CPU
		{F4100CC9-BD2F-4DC0-97B7-BA706FC444E1}.Debug|Any CPU.ActiveCfg = Debug|Any CPU
		{F4100CC9-BD2F-4DC0-97B7-BA706FC444E1}.Debug|Any CPU.Build.0 = Debug|Any CPU
		{F4100CC9-BD2F-4DC0-97B7-BA706FC444E1}.Release|Any CPU.ActiveCfg = Release|Any CPU
		{F4100CC9-BD2F-4DC0-97B7-BA706FC444E1}.Release|Any CPU.Build.0 = Release|Any CPU
	EndGlobalSection
	GlobalSection(SolutionProperties) = preSolution
		HideSolutionNode = FALSE
	EndGlobalSection
	GlobalSection(NestedProjects) = preSolution
		{46A87BE3-8AEF-477D-81BA-8EC8159BF1E5} = {78F639A0-D018-4BA3-B6C7-D2F481BABE6C}
		{DDF91431-F009-41E0-8C45-7433E7DF0BBD} = {3426A5E4-B8C1-4546-AE1A-C814BBFE6627}
		{937B600A-4163-4A52-A4D5-7D82A03E4BAB} = {4AC3B9FA-E258-44CC-9213-CF7F9065C482}
		{3FB330CE-9747-4131-9587-A219D065B659} = {4AC3B9FA-E258-44CC-9213-CF7F9065C482}
		{28B39073-F15B-466A-901F-E1970C735799} = {4AC3B9FA-E258-44CC-9213-CF7F9065C482}
		{474338B1-0B4E-40E7-BAD4-AC76A721718D} = {4AC3B9FA-E258-44CC-9213-CF7F9065C482}
		{853B4783-C09F-4597-ACCF-DD4D7B1B715C} = {4AC3B9FA-E258-44CC-9213-CF7F9065C482}
		{059B61C8-009C-4A98-96C9-470C56F0503D} = {4AC3B9FA-E258-44CC-9213-CF7F9065C482}
		{A868CDF7-B2A3-4983-8224-7B9353638E7F} = {4AC3B9FA-E258-44CC-9213-CF7F9065C482}
		{2EA70282-2022-45B0-8F41-9099FC77E42A} = {4AC3B9FA-E258-44CC-9213-CF7F9065C482}
		{C9F4B3A4-B8D7-4BEC-B901-5AB76487A136} = {4AC3B9FA-E258-44CC-9213-CF7F9065C482}
		{4E318438-DE5E-4AE4-A737-8A7DEEB0B276} = {4AC3B9FA-E258-44CC-9213-CF7F9065C482}
		{9D80264B-DC99-4B78-9AA2-952867C176A9} = {4AC3B9FA-E258-44CC-9213-CF7F9065C482}
		{ED66254E-E1AD-4868-B8F9-EE28F637A262} = {3426A5E4-B8C1-4546-AE1A-C814BBFE6627}
		{F697F6F0-8F77-4C7E-A951-FD9A2B8C8F58} = {ED66254E-E1AD-4868-B8F9-EE28F637A262}
		{F1964832-98F6-43B9-B302-E4AE33CD5632} = {ED66254E-E1AD-4868-B8F9-EE28F637A262}
		{98259771-299C-478C-AA9E-3DB551AE723E} = {ED66254E-E1AD-4868-B8F9-EE28F637A262}
		{BFF4E050-856C-41BA-9C57-8AC548235D60} = {ED66254E-E1AD-4868-B8F9-EE28F637A262}
		{7B25ADE3-609C-499C-B7A0-BF091A61474E} = {ED66254E-E1AD-4868-B8F9-EE28F637A262}
		{FCA78DA5-416C-4A6B-814C-315B80506FD3} = {ED66254E-E1AD-4868-B8F9-EE28F637A262}
		{78952993-3473-4C5A-A296-2A66AF8E0D82} = {ED66254E-E1AD-4868-B8F9-EE28F637A262}
		{F4100CC9-BD2F-4DC0-97B7-BA706FC444E1} = {ED66254E-E1AD-4868-B8F9-EE28F637A262}
	EndGlobalSection
	GlobalSection(ExtensibilityGlobals) = postSolution
		SolutionGuid = {8AE37567-5F0B-4E68-8A28-DF8CADEA2A27}
	EndGlobalSection
EndGlobal
