
Microsoft Visual Studio Solution File, Format Version 12.00
Project("{2150E333-8FDC-42A3-9474-1A3956D46DE8}") = "src", "src", "{158FA242-DD0C-4482-BD54-4E7EDA9C44CA}"
EndProject
Project("{2150E333-8FDC-42A3-9474-1A3956D46DE8}") = "tests", "tests", "{5BE4F706-456E-4DF8-A606-69F992835B47}"
EndProject
Project("{2150E333-8FDC-42A3-9474-1A3956D46DE8}") = "perf", "perf", "{2C29EC4D-3A9E-4614-936A-480B11722B44}"
EndProject
Project("{FAE04EC0-301F-11D3-BF4B-00C04F79EFBC}") = "Zaabee.SharpZipLib", "src\Zaabee.SharpZipLib\Zaabee.SharpZipLib.csproj", "{F9369C2B-0732-46F2-B95A-8F109BFE59A6}"
EndProject
Project("{FAE04EC0-301F-11D3-BF4B-00C04F79EFBC}") = "Zaabee.SharpZipLib.UnitTest", "tests\Zaabee.SharpZipLib.UnitTest\Zaabee.SharpZipLib.UnitTest.csproj", "{9314456D-81B7-4938-9A4D-09166587B8A5}"
EndProject
Project("{FAE04EC0-301F-11D3-BF4B-00C04F79EFBC}") = "Zaabee.Brotli", "src\Zaabee.Brotli\Zaabee.Brotli.csproj", "{24C67192-7358-4130-9ED0-8EF538245E22}"
EndProject
Project("{FAE04EC0-301F-11D3-BF4B-00C04F79EFBC}") = "Zaabee.LZ4", "src\Zaabee.LZ4\Zaabee.LZ4.csproj", "{C63108DC-9E65-45CE-8521-D758C3505F79}"
EndProject
Project("{FAE04EC0-301F-11D3-BF4B-00C04F79EFBC}") = "Zaabee.LZMA", "src\Zaabee.LZMA\Zaabee.LZMA.csproj", "{731E6492-89AB-4F6D-A52D-0A8F4E11CB34}"
EndProject
Project("{FAE04EC0-301F-11D3-BF4B-00C04F79EFBC}") = "Zaabee.LZ4.UnitTest", "tests\Zaabee.LZ4.UnitTest\Zaabee.LZ4.UnitTest.csproj", "{2E210FAA-5D7C-42FF-B8D5-BAF51A4CC077}"
EndProject
Project("{FAE04EC0-301F-11D3-BF4B-00C04F79EFBC}") = "TestModel", "tests\TestModel\TestModel.csproj", "{B374664E-6312-4249-9684-5FD8AA17B5E3}"
EndProject
Project("{FAE04EC0-301F-11D3-BF4B-00C04F79EFBC}") = "Benchmark", "perf\Benchmark\Benchmark.csproj", "{449CC10A-8E9C-4DD9-BFC4-F48073FA8A88}"
EndProject
Project("{FAE04EC0-301F-11D3-BF4B-00C04F79EFBC}") = "Zaabee.BrotliNET.UnitTest", "tests\Zaabee.BrotliNET.UnitTest\Zaabee.BrotliNET.UnitTest.csproj", "{3BBB8D2D-24DF-4EDE-8375-32DDB4BC5B2B}"
EndProject
Project("{FAE04EC0-301F-11D3-BF4B-00C04F79EFBC}") = "Zaabee.Compressor.Abstractions", "src\Zaabee.Compressor.Abstractions\Zaabee.Compressor.Abstractions.csproj", "{AD4949B0-2C26-4D98-B04F-9ACC021C6305}"
EndProject
Project("{FAE04EC0-301F-11D3-BF4B-00C04F79EFBC}") = "Zaabee.Compressor.UnitTest", "tests\Zaabee.Compressor.UnitTest\Zaabee.Compressor.UnitTest.csproj", "{D6205D58-347E-4A53-8F54-1AE7AFEE20A0}"
EndProject
Project("{FAE04EC0-301F-11D3-BF4B-00C04F79EFBC}") = "Zaabee.LZMA.UnitTest", "tests\Zaabee.LZMA.UnitTest\Zaabee.LZMA.UnitTest.csproj", "{30B1C116-3242-4A7C-9D53-AC7F9A5FC2D2}"
EndProject
Project("{FAE04EC0-301F-11D3-BF4B-00C04F79EFBC}") = "Zaabee.Zstd", "src\Zaabee.Zstd\Zaabee.Zstd.csproj", "{EE5162E3-1DC9-473C-9000-9AA57A60A063}"
EndProject
Project("{FAE04EC0-301F-11D3-BF4B-00C04F79EFBC}") = "Zaabee.XZ", "src\Zaabee.XZ\Zaabee.XZ.csproj", "{DB751327-63F0-4F97-9759-DF71F6580774}"
EndProject
Project("{FAE04EC0-301F-11D3-BF4B-00C04F79EFBC}") = "Zaabee.Zstd.UnitTest", "tests\Zaabee.Zstd.UnitTest\Zaabee.Zstd.UnitTest.csproj", "{D9663D19-647A-4FC9-A109-D09875640929}"
EndProject
Project("{FAE04EC0-301F-11D3-BF4B-00C04F79EFBC}") = "Zaabee.XZ.UnitTest", "tests\Zaabee.XZ.UnitTest\Zaabee.XZ.UnitTest.csproj", "{92B03B14-C246-41D3-A23F-A7F2C1A96C15}"
EndProject
Project("{FAE04EC0-301F-11D3-BF4B-00C04F79EFBC}") = "Zaabee.Snappy", "src\Zaabee.Snappy\Zaabee.Snappy.csproj", "{829CE0E8-6536-4ECF-84F2-20D155A49055}"
EndProject
Project("{FAE04EC0-301F-11D3-BF4B-00C04F79EFBC}") = "Zaabee.Snappy.UnitTest", "tests\Zaabee.Snappy.UnitTest\Zaabee.Snappy.UnitTest.csproj", "{73E05D79-6F20-4281-B6D2-41049402CBC5}"
EndProject
Global
	GlobalSection(SolutionConfigurationPlatforms) = preSolution
		Debug|Any CPU = Debug|Any CPU
		Release|Any CPU = Release|Any CPU
	EndGlobalSection
	GlobalSection(NestedProjects) = preSolution
		{F9369C2B-0732-46F2-B95A-8F109BFE59A6} = {158FA242-DD0C-4482-BD54-4E7EDA9C44CA}
		{9314456D-81B7-4938-9A4D-09166587B8A5} = {5BE4F706-456E-4DF8-A606-69F992835B47}
		{24C67192-7358-4130-9ED0-8EF538245E22} = {158FA242-DD0C-4482-BD54-4E7EDA9C44CA}
		{C63108DC-9E65-45CE-8521-D758C3505F79} = {158FA242-DD0C-4482-BD54-4E7EDA9C44CA}
		{731E6492-89AB-4F6D-A52D-0A8F4E11CB34} = {158FA242-DD0C-4482-BD54-4E7EDA9C44CA}
		{2E210FAA-5D7C-42FF-B8D5-BAF51A4CC077} = {5BE4F706-456E-4DF8-A606-69F992835B47}
		{B374664E-6312-4249-9684-5FD8AA17B5E3} = {5BE4F706-456E-4DF8-A606-69F992835B47}
		{449CC10A-8E9C-4DD9-BFC4-F48073FA8A88} = {2C29EC4D-3A9E-4614-936A-480B11722B44}
		{3BBB8D2D-24DF-4EDE-8375-32DDB4BC5B2B} = {5BE4F706-456E-4DF8-A606-69F992835B47}
		{AD4949B0-2C26-4D98-B04F-9ACC021C6305} = {158FA242-DD0C-4482-BD54-4E7EDA9C44CA}
		{D6205D58-347E-4A53-8F54-1AE7AFEE20A0} = {5BE4F706-456E-4DF8-A606-69F992835B47}
		{30B1C116-3242-4A7C-9D53-AC7F9A5FC2D2} = {5BE4F706-456E-4DF8-A606-69F992835B47}
		{EE5162E3-1DC9-473C-9000-9AA57A60A063} = {158FA242-DD0C-4482-BD54-4E7EDA9C44CA}
		{DB751327-63F0-4F97-9759-DF71F6580774} = {158FA242-DD0C-4482-BD54-4E7EDA9C44CA}
		{D9663D19-647A-4FC9-A109-D09875640929} = {5BE4F706-456E-4DF8-A606-69F992835B47}
		{92B03B14-C246-41D3-A23F-A7F2C1A96C15} = {5BE4F706-456E-4DF8-A606-69F992835B47}
		{829CE0E8-6536-4ECF-84F2-20D155A49055} = {158FA242-DD0C-4482-BD54-4E7EDA9C44CA}
		{73E05D79-6F20-4281-B6D2-41049402CBC5} = {5BE4F706-456E-4DF8-A606-69F992835B47}
	EndGlobalSection
	GlobalSection(ProjectConfigurationPlatforms) = postSolution
		{F9369C2B-0732-46F2-B95A-8F109BFE59A6}.Debug|Any CPU.ActiveCfg = Debug|Any CPU
		{F9369C2B-0732-46F2-B95A-8F109BFE59A6}.Debug|Any CPU.Build.0 = Debug|Any CPU
		{F9369C2B-0732-46F2-B95A-8F109BFE59A6}.Release|Any CPU.ActiveCfg = Release|Any CPU
		{F9369C2B-0732-46F2-B95A-8F109BFE59A6}.Release|Any CPU.Build.0 = Release|Any CPU
		{9314456D-81B7-4938-9A4D-09166587B8A5}.Debug|Any CPU.ActiveCfg = Debug|Any CPU
		{9314456D-81B7-4938-9A4D-09166587B8A5}.Debug|Any CPU.Build.0 = Debug|Any CPU
		{9314456D-81B7-4938-9A4D-09166587B8A5}.Release|Any CPU.ActiveCfg = Release|Any CPU
		{9314456D-81B7-4938-9A4D-09166587B8A5}.Release|Any CPU.Build.0 = Release|Any CPU
		{24C67192-7358-4130-9ED0-8EF538245E22}.Debug|Any CPU.ActiveCfg = Debug|Any CPU
		{24C67192-7358-4130-9ED0-8EF538245E22}.Debug|Any CPU.Build.0 = Debug|Any CPU
		{24C67192-7358-4130-9ED0-8EF538245E22}.Release|Any CPU.ActiveCfg = Release|Any CPU
		{24C67192-7358-4130-9ED0-8EF538245E22}.Release|Any CPU.Build.0 = Release|Any CPU
		{C63108DC-9E65-45CE-8521-D758C3505F79}.Debug|Any CPU.ActiveCfg = Debug|Any CPU
		{C63108DC-9E65-45CE-8521-D758C3505F79}.Debug|Any CPU.Build.0 = Debug|Any CPU
		{C63108DC-9E65-45CE-8521-D758C3505F79}.Release|Any CPU.ActiveCfg = Release|Any CPU
		{C63108DC-9E65-45CE-8521-D758C3505F79}.Release|Any CPU.Build.0 = Release|Any CPU
		{731E6492-89AB-4F6D-A52D-0A8F4E11CB34}.Debug|Any CPU.ActiveCfg = Debug|Any CPU
		{731E6492-89AB-4F6D-A52D-0A8F4E11CB34}.Debug|Any CPU.Build.0 = Debug|Any CPU
		{731E6492-89AB-4F6D-A52D-0A8F4E11CB34}.Release|Any CPU.ActiveCfg = Release|Any CPU
		{731E6492-89AB-4F6D-A52D-0A8F4E11CB34}.Release|Any CPU.Build.0 = Release|Any CPU
		{2E210FAA-5D7C-42FF-B8D5-BAF51A4CC077}.Debug|Any CPU.ActiveCfg = Debug|Any CPU
		{2E210FAA-5D7C-42FF-B8D5-BAF51A4CC077}.Debug|Any CPU.Build.0 = Debug|Any CPU
		{2E210FAA-5D7C-42FF-B8D5-BAF51A4CC077}.Release|Any CPU.ActiveCfg = Release|Any CPU
		{2E210FAA-5D7C-42FF-B8D5-BAF51A4CC077}.Release|Any CPU.Build.0 = Release|Any CPU
		{B374664E-6312-4249-9684-5FD8AA17B5E3}.Debug|Any CPU.ActiveCfg = Debug|Any CPU
		{B374664E-6312-4249-9684-5FD8AA17B5E3}.Debug|Any CPU.Build.0 = Debug|Any CPU
		{B374664E-6312-4249-9684-5FD8AA17B5E3}.Release|Any CPU.ActiveCfg = Release|Any CPU
		{B374664E-6312-4249-9684-5FD8AA17B5E3}.Release|Any CPU.Build.0 = Release|Any CPU
		{449CC10A-8E9C-4DD9-BFC4-F48073FA8A88}.Debug|Any CPU.ActiveCfg = Debug|Any CPU
		{449CC10A-8E9C-4DD9-BFC4-F48073FA8A88}.Debug|Any CPU.Build.0 = Debug|Any CPU
		{449CC10A-8E9C-4DD9-BFC4-F48073FA8A88}.Release|Any CPU.ActiveCfg = Release|Any CPU
		{449CC10A-8E9C-4DD9-BFC4-F48073FA8A88}.Release|Any CPU.Build.0 = Release|Any CPU
		{3BBB8D2D-24DF-4EDE-8375-32DDB4BC5B2B}.Debug|Any CPU.ActiveCfg = Debug|Any CPU
		{3BBB8D2D-24DF-4EDE-8375-32DDB4BC5B2B}.Debug|Any CPU.Build.0 = Debug|Any CPU
		{3BBB8D2D-24DF-4EDE-8375-32DDB4BC5B2B}.Release|Any CPU.ActiveCfg = Release|Any CPU
		{3BBB8D2D-24DF-4EDE-8375-32DDB4BC5B2B}.Release|Any CPU.Build.0 = Release|Any CPU
		{AD4949B0-2C26-4D98-B04F-9ACC021C6305}.Debug|Any CPU.ActiveCfg = Debug|Any CPU
		{AD4949B0-2C26-4D98-B04F-9ACC021C6305}.Debug|Any CPU.Build.0 = Debug|Any CPU
		{AD4949B0-2C26-4D98-B04F-9ACC021C6305}.Release|Any CPU.ActiveCfg = Release|Any CPU
		{AD4949B0-2C26-4D98-B04F-9ACC021C6305}.Release|Any CPU.Build.0 = Release|Any CPU
		{D6205D58-347E-4A53-8F54-1AE7AFEE20A0}.Debug|Any CPU.ActiveCfg = Debug|Any CPU
		{D6205D58-347E-4A53-8F54-1AE7AFEE20A0}.Debug|Any CPU.Build.0 = Debug|Any CPU
		{D6205D58-347E-4A53-8F54-1AE7AFEE20A0}.Release|Any CPU.ActiveCfg = Release|Any CPU
		{D6205D58-347E-4A53-8F54-1AE7AFEE20A0}.Release|Any CPU.Build.0 = Release|Any CPU
		{30B1C116-3242-4A7C-9D53-AC7F9A5FC2D2}.Debug|Any CPU.ActiveCfg = Debug|Any CPU
		{30B1C116-3242-4A7C-9D53-AC7F9A5FC2D2}.Debug|Any CPU.Build.0 = Debug|Any CPU
		{30B1C116-3242-4A7C-9D53-AC7F9A5FC2D2}.Release|Any CPU.ActiveCfg = Release|Any CPU
		{30B1C116-3242-4A7C-9D53-AC7F9A5FC2D2}.Release|Any CPU.Build.0 = Release|Any CPU
		{EE5162E3-1DC9-473C-9000-9AA57A60A063}.Debug|Any CPU.ActiveCfg = Debug|Any CPU
		{EE5162E3-1DC9-473C-9000-9AA57A60A063}.Debug|Any CPU.Build.0 = Debug|Any CPU
		{EE5162E3-1DC9-473C-9000-9AA57A60A063}.Release|Any CPU.ActiveCfg = Release|Any CPU
		{EE5162E3-1DC9-473C-9000-9AA57A60A063}.Release|Any CPU.Build.0 = Release|Any CPU
		{DB751327-63F0-4F97-9759-DF71F6580774}.Debug|Any CPU.ActiveCfg = Debug|Any CPU
		{DB751327-63F0-4F97-9759-DF71F6580774}.Debug|Any CPU.Build.0 = Debug|Any CPU
		{DB751327-63F0-4F97-9759-DF71F6580774}.Release|Any CPU.ActiveCfg = Release|Any CPU
		{DB751327-63F0-4F97-9759-DF71F6580774}.Release|Any CPU.Build.0 = Release|Any CPU
		{D9663D19-647A-4FC9-A109-D09875640929}.Debug|Any CPU.ActiveCfg = Debug|Any CPU
		{D9663D19-647A-4FC9-A109-D09875640929}.Debug|Any CPU.Build.0 = Debug|Any CPU
		{D9663D19-647A-4FC9-A109-D09875640929}.Release|Any CPU.ActiveCfg = Release|Any CPU
		{D9663D19-647A-4FC9-A109-D09875640929}.Release|Any CPU.Build.0 = Release|Any CPU
		{92B03B14-C246-41D3-A23F-A7F2C1A96C15}.Debug|Any CPU.ActiveCfg = Debug|Any CPU
		{92B03B14-C246-41D3-A23F-A7F2C1A96C15}.Debug|Any CPU.Build.0 = Debug|Any CPU
		{92B03B14-C246-41D3-A23F-A7F2C1A96C15}.Release|Any CPU.ActiveCfg = Release|Any CPU
		{92B03B14-C246-41D3-A23F-A7F2C1A96C15}.Release|Any CPU.Build.0 = Release|Any CPU
		{829CE0E8-6536-4ECF-84F2-20D155A49055}.Debug|Any CPU.ActiveCfg = Debug|Any CPU
		{829CE0E8-6536-4ECF-84F2-20D155A49055}.Debug|Any CPU.Build.0 = Debug|Any CPU
		{829CE0E8-6536-4ECF-84F2-20D155A49055}.Release|Any CPU.ActiveCfg = Release|Any CPU
		{829CE0E8-6536-4ECF-84F2-20D155A49055}.Release|Any CPU.Build.0 = Release|Any CPU
		{73E05D79-6F20-4281-B6D2-41049402CBC5}.Debug|Any CPU.ActiveCfg = Debug|Any CPU
		{73E05D79-6F20-4281-B6D2-41049402CBC5}.Debug|Any CPU.Build.0 = Debug|Any CPU
		{73E05D79-6F20-4281-B6D2-41049402CBC5}.Release|Any CPU.ActiveCfg = Release|Any CPU
		{73E05D79-6F20-4281-B6D2-41049402CBC5}.Release|Any CPU.Build.0 = Release|Any CPU
	EndGlobalSection
EndGlobal
